
Microsoft Visual Studio Solution File, Format Version 12.00
# Visual Studio Version 17
VisualStudioVersion = 17.6.33829.357
MinimumVisualStudioVersion = 10.0.40219.1
Project("{8BC9CEB8-8B4A-11D0-8D11-00A0C91BC942}") = "Sandbox", "Sandbox\Sandbox.vcxproj", "{6F7B2D8B-B07C-4868-97A2-A2A6541DDBC3}"
EndProject
Project("{8BC9CEB8-8B4A-11D0-8D11-00A0C91BC942}") = "Hazel", "Hazel\Hazel.vcxproj", "{97B72826-3B71-469C-8D17-9CC7FF2ACFD3}"
EndProject
Global
	GlobalSection(SolutionConfigurationPlatforms) = preSolution
		Debug|x64 = Debug|x64
		Release|x64 = Release|x64
	EndGlobalSection
	GlobalSection(ProjectConfigurationPlatforms) = postSolution
		{97B72826-3B71-469C-8D17-9CC7FF2ACFD3}.Debug|x64.ActiveCfg = Debug|x64
		{97B72826-3B71-469C-8D17-9CC7FF2ACFD3}.Debug|x64.Build.0 = Debug|x64
		{97B72826-3B71-469C-8D17-9CC7FF2ACFD3}.Release|x64.ActiveCfg = Release|x64
		{97B72826-3B71-469C-8D17-9CC7FF2ACFD3}.Release|x64.Build.0 = Release|x64
		{6F7B2D8B-B07C-4868-97A2-A2A6541DDBC3}.Debug|x64.ActiveCfg = Debug|x64
		{6F7B2D8B-B07C-4868-97A2-A2A6541DDBC3}.Debug|x64.Build.0 = Debug|x64
		{6F7B2D8B-B07C-4868-97A2-A2A6541DDBC3}.Release|x64.ActiveCfg = Release|x64
		{6F7B2D8B-B07C-4868-97A2-A2A6541DDBC3}.Release|x64.Build.0 = Release|x64
	EndGlobalSection
	GlobalSection(SolutionProperties) = preSolution
		HideSolutionNode = FALSE
	EndGlobalSection
	GlobalSection(ExtensibilityGlobals) = postSolution
		SolutionGuid = {95303CF1-3FE0-46B2-B97A-A53D41BD91C1}
	EndGlobalSection
EndGlobal
